{
  "name": "a",
  "version": "1.0.0",
  "lockfileVersion": 3,
  "requires": true,
  "packages": {
    "": {
      "name": "a",
      "version": "1.0.0",
      "license": "ISC",
      "dependencies": {
        "amiga-10": "file:../amiga-10",
        "b": "file:../b"
      }
    },
    "../amiga-10": {
      "version": "1.0.0",
      "license": "ISC",
      "dependencies": {
        "@types/react": "17.0.0"
      },
      "devDependencies": {}
    },
    "../b": {
      "version": "1.0.0",
      "license": "ISC",
      "dependencies": {
        "amiga-9": "file:../amiga-9"
      }
    },
    "node_modules/amiga-10": {
      "resolved": "../amiga-10",
      "link": true
    },
    "node_modules/b": {
      "resolved": "../b",
      "link": true
    }
  }
}
